// !$*UTF8*$!
{
	archiveVersion = 1;
	classes = {
	};
	objectVersion = 50;
	objects = {

/* Begin PBXBuildFile section */
		64817A5427AE913A0040BA81 /* Logger.swift in Sources */ = {isa = PBXBuildFile; fileRef = 64817A5327AE913A0040BA81 /* Logger.swift */; };
		64817A5827AE9B260040BA81 /* BaseVC.swift in Sources */ = {isa = PBXBuildFile; fileRef = 64817A5727AE9B260040BA81 /* BaseVC.swift */; };
		64817A5C27AE9DAF0040BA81 /* Array+Extension.swift in Sources */ = {isa = PBXBuildFile; fileRef = 64817A5B27AE9DAF0040BA81 /* Array+Extension.swift */; };
		64817A5F27AEAA240040BA81 /* String+Extension.swift in Sources */ = {isa = PBXBuildFile; fileRef = 64817A5E27AEAA240040BA81 /* String+Extension.swift */; };
		64817A6227AEBD370040BA81 /* FiltersDto.swift in Sources */ = {isa = PBXBuildFile; fileRef = 64817A6127AEBD370040BA81 /* FiltersDto.swift */; };
		64817A6527AEBDDE0040BA81 /* FiltersPopupView.swift in Sources */ = {isa = PBXBuildFile; fileRef = 64817A6427AEBDDE0040BA81 /* FiltersPopupView.swift */; };
		64817A7A27AEF3FA0040BA81 /* MultiSelectView.swift in Sources */ = {isa = PBXBuildFile; fileRef = 64817A7927AEF3FA0040BA81 /* MultiSelectView.swift */; };
		64817A7D27AEF4360040BA81 /* TextButton.swift in Sources */ = {isa = PBXBuildFile; fileRef = 64817A7C27AEF4360040BA81 /* TextButton.swift */; };
		64817A8027AEF4A80040BA81 /* DoneTextButton.swift in Sources */ = {isa = PBXBuildFile; fileRef = 64817A7F27AEF4A80040BA81 /* DoneTextButton.swift */; };
		64817A8327AEF4C10040BA81 /* ClearTextButton.swift in Sources */ = {isa = PBXBuildFile; fileRef = 64817A8227AEF4C10040BA81 /* ClearTextButton.swift */; };
		64817A8727AEF88E0040BA81 /* HorizontalSeparatorView.swift in Sources */ = {isa = PBXBuildFile; fileRef = 64817A8627AEF88E0040BA81 /* HorizontalSeparatorView.swift */; };
		64CA1E8A27AF2CF4009E172D /* UniSelectView.swift in Sources */ = {isa = PBXBuildFile; fileRef = 64CA1E8927AF2CF4009E172D /* UniSelectView.swift */; };
		64CA1E8D27AF8F9D009E172D /* ImageVM.swift in Sources */ = {isa = PBXBuildFile; fileRef = 64CA1E8C27AF8F9D009E172D /* ImageVM.swift */; };
		64CA1E9027AF8FF4009E172D /* ImageUseCase.swift in Sources */ = {isa = PBXBuildFile; fileRef = 64CA1E8F27AF8FF4009E172D /* ImageUseCase.swift */; };
		64CA1E9427AF90B6009E172D /* HttpRepository.swift in Sources */ = {isa = PBXBuildFile; fileRef = 64CA1E9327AF90B6009E172D /* HttpRepository.swift */; };
		64CA1E9727AF9115009E172D /* NativeHttpDataSource.swift in Sources */ = {isa = PBXBuildFile; fileRef = 64CA1E9627AF9114009E172D /* NativeHttpDataSource.swift */; };
		64CA1EA027B028B1009E172D /* SpinnerView.swift in Sources */ = {isa = PBXBuildFile; fileRef = 64CA1E9F27B028B1009E172D /* SpinnerView.swift */; };
		64CA1EA627B02B54009E172D /* LoadingSpinnerView.swift in Sources */ = {isa = PBXBuildFile; fileRef = 64CA1EA527B02B53009E172D /* LoadingSpinnerView.swift */; };
		64CA1EB027B048DF009E172D /* StateBasedSpinnerView.swift in Sources */ = {isa = PBXBuildFile; fileRef = 64CA1EAF27B048DF009E172D /* StateBasedSpinnerView.swift */; };
		64CA1EB527B0529A009E172D /* UIDevice+Extension.swift in Sources */ = {isa = PBXBuildFile; fileRef = 64CA1EB427B0529A009E172D /* UIDevice+Extension.swift */; };
		64CA1EB927B05C1C009E172D /* NSCollectionLayoutDimension+Extension.swift in Sources */ = {isa = PBXBuildFile; fileRef = 64CA1EB827B05C1C009E172D /* NSCollectionLayoutDimension+Extension.swift */; };
		64CA1EBC27B06B85009E172D /* SelectViewCell.swift in Sources */ = {isa = PBXBuildFile; fileRef = 64CA1EBB27B06B85009E172D /* SelectViewCell.swift */; };
		64CA1EBF27B06E35009E172D /* ApplyButton.swift in Sources */ = {isa = PBXBuildFile; fileRef = 64CA1EBE27B06E34009E172D /* ApplyButton.swift */; };
		64CA1EC227B06F6A009E172D /* ActionButton.swift in Sources */ = {isa = PBXBuildFile; fileRef = 64CA1EC127B06F69009E172D /* ActionButton.swift */; };
		64E4D12527ADEB6E0045F25B /* AppDelegate.swift in Sources */ = {isa = PBXBuildFile; fileRef = 64E4D12427ADEB6E0045F25B /* AppDelegate.swift */; };
		64E4D12727ADEB6E0045F25B /* SceneDelegate.swift in Sources */ = {isa = PBXBuildFile; fileRef = 64E4D12627ADEB6E0045F25B /* SceneDelegate.swift */; };
		64E4D12C27ADEB6E0045F25B /* Main.storyboard in Resources */ = {isa = PBXBuildFile; fileRef = 64E4D12A27ADEB6E0045F25B /* Main.storyboard */; };
		64E4D12E27ADEB750045F25B /* Assets.xcassets in Resources */ = {isa = PBXBuildFile; fileRef = 64E4D12D27ADEB750045F25B /* Assets.xcassets */; };
		64E4D13127ADEB750045F25B /* LaunchScreen.storyboard in Resources */ = {isa = PBXBuildFile; fileRef = 64E4D12F27ADEB750045F25B /* LaunchScreen.storyboard */; };
		64E4D13B27ADECB80045F25B /* HomeVC.swift in Sources */ = {isa = PBXBuildFile; fileRef = 64E4D13A27ADECB80045F25B /* HomeVC.swift */; };
		64E4D13F27ADED8A0045F25B /* HomeRootView.swift in Sources */ = {isa = PBXBuildFile; fileRef = 64E4D13E27ADED8A0045F25B /* HomeRootView.swift */; };
		64E4D14327ADF49F0045F25B /* HomeVM.swift in Sources */ = {isa = PBXBuildFile; fileRef = 64E4D14227ADF49F0045F25B /* HomeVM.swift */; };
		64E4D14C27ADFA120045F25B /* ProductsHeaderView.swift in Sources */ = {isa = PBXBuildFile; fileRef = 64E4D14B27ADFA120045F25B /* ProductsHeaderView.swift */; };
		64E4D15127ADFC230045F25B /* SelectButton.swift in Sources */ = {isa = PBXBuildFile; fileRef = 64E4D15027ADFC230045F25B /* SelectButton.swift */; };
		64E4D15427ADFE520045F25B /* Roboto-Regular.ttf in Resources */ = {isa = PBXBuildFile; fileRef = 64E4D15327ADFE520045F25B /* Roboto-Regular.ttf */; };
		64E4D15927ADFEC60045F25B /* UIFont+Extension.swift in Sources */ = {isa = PBXBuildFile; fileRef = 64E4D15827ADFEC60045F25B /* UIFont+Extension.swift */; };
		64E4D15C27ADFF0D0045F25B /* UIColor+Extension.swift in Sources */ = {isa = PBXBuildFile; fileRef = 64E4D15B27ADFF0D0045F25B /* UIColor+Extension.swift */; };
		64E4D16027AE01ED0045F25B /* FiltersBarView.swift in Sources */ = {isa = PBXBuildFile; fileRef = 64E4D15F27AE01EC0045F25B /* FiltersBarView.swift */; };
		64E4D16327AE068A0045F25B /* CGFloat+Extension.swift in Sources */ = {isa = PBXBuildFile; fileRef = 64E4D16227AE068A0045F25B /* CGFloat+Extension.swift */; };
		64E4D16827AE13540045F25B /* ProductCell.swift in Sources */ = {isa = PBXBuildFile; fileRef = 64E4D16727AE13540045F25B /* ProductCell.swift */; };
		64E4D16B27AE25BE0045F25B /* ProductDto.swift in Sources */ = {isa = PBXBuildFile; fileRef = 64E4D16A27AE25BE0045F25B /* ProductDto.swift */; };
		64E4D16E27AE263F0045F25B /* ProductModel.swift in Sources */ = {isa = PBXBuildFile; fileRef = 64E4D16D27AE263E0045F25B /* ProductModel.swift */; };
		64E4D17127AE2B610045F25B /* ProductsUseCase.swift in Sources */ = {isa = PBXBuildFile; fileRef = 64E4D17027AE2B600045F25B /* ProductsUseCase.swift */; };
		64E4D17427AE2BBF0045F25B /* ApiRespository.swift in Sources */ = {isa = PBXBuildFile; fileRef = 64E4D17327AE2BBF0045F25B /* ApiRespository.swift */; };
		64E4D17827AE2C150045F25B /* EdvoraRepository.swift in Sources */ = {isa = PBXBuildFile; fileRef = 64E4D17727AE2C150045F25B /* EdvoraRepository.swift */; };
		64E4D18127AE34610045F25B /* PresentationError.swift in Sources */ = {isa = PBXBuildFile; fileRef = 64E4D18027AE34610045F25B /* PresentationError.swift */; };
/* End PBXBuildFile section */

/* Begin PBXFileReference section */
		64817A5327AE913A0040BA81 /* Logger.swift */ = {isa = PBXFileReference; lastKnownFileType = sourcecode.swift; path = Logger.swift; sourceTree = "<group>"; };
		64817A5727AE9B260040BA81 /* BaseVC.swift */ = {isa = PBXFileReference; lastKnownFileType = sourcecode.swift; path = BaseVC.swift; sourceTree = "<group>"; };
		64817A5B27AE9DAF0040BA81 /* Array+Extension.swift */ = {isa = PBXFileReference; lastKnownFileType = sourcecode.swift; path = "Array+Extension.swift"; sourceTree = "<group>"; };
		64817A5E27AEAA240040BA81 /* String+Extension.swift */ = {isa = PBXFileReference; lastKnownFileType = sourcecode.swift; path = "String+Extension.swift"; sourceTree = "<group>"; };
		64817A6127AEBD370040BA81 /* FiltersDto.swift */ = {isa = PBXFileReference; lastKnownFileType = sourcecode.swift; path = FiltersDto.swift; sourceTree = "<group>"; };
		64817A6427AEBDDE0040BA81 /* FiltersPopupView.swift */ = {isa = PBXFileReference; lastKnownFileType = sourcecode.swift; path = FiltersPopupView.swift; sourceTree = "<group>"; };
		64817A7927AEF3FA0040BA81 /* MultiSelectView.swift */ = {isa = PBXFileReference; lastKnownFileType = sourcecode.swift; path = MultiSelectView.swift; sourceTree = "<group>"; };
		64817A7C27AEF4360040BA81 /* TextButton.swift */ = {isa = PBXFileReference; lastKnownFileType = sourcecode.swift; path = TextButton.swift; sourceTree = "<group>"; };
		64817A7F27AEF4A80040BA81 /* DoneTextButton.swift */ = {isa = PBXFileReference; lastKnownFileType = sourcecode.swift; path = DoneTextButton.swift; sourceTree = "<group>"; };
		64817A8227AEF4C10040BA81 /* ClearTextButton.swift */ = {isa = PBXFileReference; lastKnownFileType = sourcecode.swift; path = ClearTextButton.swift; sourceTree = "<group>"; };
		64817A8627AEF88E0040BA81 /* HorizontalSeparatorView.swift */ = {isa = PBXFileReference; lastKnownFileType = sourcecode.swift; path = HorizontalSeparatorView.swift; sourceTree = "<group>"; };
		64CA1E8927AF2CF4009E172D /* UniSelectView.swift */ = {isa = PBXFileReference; lastKnownFileType = sourcecode.swift; path = UniSelectView.swift; sourceTree = "<group>"; };
		64CA1E8C27AF8F9D009E172D /* ImageVM.swift */ = {isa = PBXFileReference; lastKnownFileType = sourcecode.swift; path = ImageVM.swift; sourceTree = "<group>"; };
		64CA1E8F27AF8FF4009E172D /* ImageUseCase.swift */ = {isa = PBXFileReference; lastKnownFileType = sourcecode.swift; path = ImageUseCase.swift; sourceTree = "<group>"; };
		64CA1E9327AF90B6009E172D /* HttpRepository.swift */ = {isa = PBXFileReference; lastKnownFileType = sourcecode.swift; path = HttpRepository.swift; sourceTree = "<group>"; };
		64CA1E9627AF9114009E172D /* NativeHttpDataSource.swift */ = {isa = PBXFileReference; lastKnownFileType = sourcecode.swift; path = NativeHttpDataSource.swift; sourceTree = "<group>"; };
		64CA1E9F27B028B1009E172D /* SpinnerView.swift */ = {isa = PBXFileReference; lastKnownFileType = sourcecode.swift; path = SpinnerView.swift; sourceTree = "<group>"; };
		64CA1EA527B02B53009E172D /* LoadingSpinnerView.swift */ = {isa = PBXFileReference; lastKnownFileType = sourcecode.swift; path = LoadingSpinnerView.swift; sourceTree = "<group>"; };
		64CA1EAF27B048DF009E172D /* StateBasedSpinnerView.swift */ = {isa = PBXFileReference; lastKnownFileType = sourcecode.swift; path = StateBasedSpinnerView.swift; sourceTree = "<group>"; };
		64CA1EB427B0529A009E172D /* UIDevice+Extension.swift */ = {isa = PBXFileReference; lastKnownFileType = sourcecode.swift; path = "UIDevice+Extension.swift"; sourceTree = "<group>"; };
		64CA1EB827B05C1C009E172D /* NSCollectionLayoutDimension+Extension.swift */ = {isa = PBXFileReference; lastKnownFileType = sourcecode.swift; path = "NSCollectionLayoutDimension+Extension.swift"; sourceTree = "<group>"; };
		64CA1EBB27B06B85009E172D /* SelectViewCell.swift */ = {isa = PBXFileReference; lastKnownFileType = sourcecode.swift; path = SelectViewCell.swift; sourceTree = "<group>"; };
		64CA1EBE27B06E34009E172D /* ApplyButton.swift */ = {isa = PBXFileReference; lastKnownFileType = sourcecode.swift; path = ApplyButton.swift; sourceTree = "<group>"; };
		64CA1EC127B06F69009E172D /* ActionButton.swift */ = {isa = PBXFileReference; lastKnownFileType = sourcecode.swift; path = ActionButton.swift; sourceTree = "<group>"; };
		64E4D12127ADEB6E0045F25B /* Edvora-iOS-Intern-Task.app */ = {isa = PBXFileReference; explicitFileType = wrapper.application; includeInIndex = 0; path = "Edvora-iOS-Intern-Task.app"; sourceTree = BUILT_PRODUCTS_DIR; };
		64E4D12427ADEB6E0045F25B /* AppDelegate.swift */ = {isa = PBXFileReference; lastKnownFileType = sourcecode.swift; path = AppDelegate.swift; sourceTree = "<group>"; };
		64E4D12627ADEB6E0045F25B /* SceneDelegate.swift */ = {isa = PBXFileReference; lastKnownFileType = sourcecode.swift; path = SceneDelegate.swift; sourceTree = "<group>"; };
		64E4D12B27ADEB6E0045F25B /* Base */ = {isa = PBXFileReference; lastKnownFileType = file.storyboard; name = Base; path = Base.lproj/Main.storyboard; sourceTree = "<group>"; };
		64E4D12D27ADEB750045F25B /* Assets.xcassets */ = {isa = PBXFileReference; lastKnownFileType = folder.assetcatalog; path = Assets.xcassets; sourceTree = "<group>"; };
		64E4D13027ADEB750045F25B /* Base */ = {isa = PBXFileReference; lastKnownFileType = file.storyboard; name = Base; path = Base.lproj/LaunchScreen.storyboard; sourceTree = "<group>"; };
		64E4D13227ADEB750045F25B /* Info.plist */ = {isa = PBXFileReference; lastKnownFileType = text.plist.xml; path = Info.plist; sourceTree = "<group>"; };
		64E4D13A27ADECB80045F25B /* HomeVC.swift */ = {isa = PBXFileReference; lastKnownFileType = sourcecode.swift; path = HomeVC.swift; sourceTree = "<group>"; };
		64E4D13E27ADED8A0045F25B /* HomeRootView.swift */ = {isa = PBXFileReference; lastKnownFileType = sourcecode.swift; path = HomeRootView.swift; sourceTree = "<group>"; };
		64E4D14227ADF49F0045F25B /* HomeVM.swift */ = {isa = PBXFileReference; lastKnownFileType = sourcecode.swift; path = HomeVM.swift; sourceTree = "<group>"; };
		64E4D14B27ADFA120045F25B /* ProductsHeaderView.swift */ = {isa = PBXFileReference; lastKnownFileType = sourcecode.swift; path = ProductsHeaderView.swift; sourceTree = "<group>"; };
		64E4D15027ADFC230045F25B /* SelectButton.swift */ = {isa = PBXFileReference; lastKnownFileType = sourcecode.swift; path = SelectButton.swift; sourceTree = "<group>"; };
		64E4D15327ADFE520045F25B /* Roboto-Regular.ttf */ = {isa = PBXFileReference; lastKnownFileType = file; path = "Roboto-Regular.ttf"; sourceTree = "<group>"; };
		64E4D15827ADFEC60045F25B /* UIFont+Extension.swift */ = {isa = PBXFileReference; lastKnownFileType = sourcecode.swift; path = "UIFont+Extension.swift"; sourceTree = "<group>"; };
		64E4D15B27ADFF0D0045F25B /* UIColor+Extension.swift */ = {isa = PBXFileReference; lastKnownFileType = sourcecode.swift; path = "UIColor+Extension.swift"; sourceTree = "<group>"; };
		64E4D15F27AE01EC0045F25B /* FiltersBarView.swift */ = {isa = PBXFileReference; lastKnownFileType = sourcecode.swift; path = FiltersBarView.swift; sourceTree = "<group>"; };
		64E4D16227AE068A0045F25B /* CGFloat+Extension.swift */ = {isa = PBXFileReference; lastKnownFileType = sourcecode.swift; path = "CGFloat+Extension.swift"; sourceTree = "<group>"; };
		64E4D16727AE13540045F25B /* ProductCell.swift */ = {isa = PBXFileReference; lastKnownFileType = sourcecode.swift; path = ProductCell.swift; sourceTree = "<group>"; };
		64E4D16A27AE25BE0045F25B /* ProductDto.swift */ = {isa = PBXFileReference; lastKnownFileType = sourcecode.swift; path = ProductDto.swift; sourceTree = "<group>"; };
		64E4D16D27AE263E0045F25B /* ProductModel.swift */ = {isa = PBXFileReference; lastKnownFileType = sourcecode.swift; path = ProductModel.swift; sourceTree = "<group>"; };
		64E4D17027AE2B600045F25B /* ProductsUseCase.swift */ = {isa = PBXFileReference; lastKnownFileType = sourcecode.swift; path = ProductsUseCase.swift; sourceTree = "<group>"; };
		64E4D17327AE2BBF0045F25B /* ApiRespository.swift */ = {isa = PBXFileReference; lastKnownFileType = sourcecode.swift; path = ApiRespository.swift; sourceTree = "<group>"; };
		64E4D17727AE2C150045F25B /* EdvoraRepository.swift */ = {isa = PBXFileReference; lastKnownFileType = sourcecode.swift; path = EdvoraRepository.swift; sourceTree = "<group>"; };
		64E4D18027AE34610045F25B /* PresentationError.swift */ = {isa = PBXFileReference; lastKnownFileType = sourcecode.swift; path = PresentationError.swift; sourceTree = "<group>"; };
/* End PBXFileReference section */

/* Begin PBXFrameworksBuildPhase section */
		64E4D11E27ADEB6E0045F25B /* Frameworks */ = {
			isa = PBXFrameworksBuildPhase;
			buildActionMask = 2147483647;
			files = (
			);
			runOnlyForDeploymentPostprocessing = 0;
		};
/* End PBXFrameworksBuildPhase section */

/* Begin PBXGroup section */
		64817A5227AE91240040BA81 /* Utilities */ = {
			isa = PBXGroup;
			children = (
				64817A5327AE913A0040BA81 /* Logger.swift */,
			);
			path = Utilities;
			sourceTree = "<group>";
		};
		64817A6927AEF2460040BA81 /* Presentation */ = {
			isa = PBXGroup;
			children = (
				64817A6D27AEF2810040BA81 /* Controllers */,
				64817A6C27AEF2710040BA81 /* Views */,
			);
			path = Presentation;
			sourceTree = "<group>";
		};
		64817A6A27AEF24D0040BA81 /* Domain */ = {
			isa = PBXGroup;
			children = (
				64E4D17027AE2B600045F25B /* ProductsUseCase.swift */,
				64CA1E8F27AF8FF4009E172D /* ImageUseCase.swift */,
				64E4D17327AE2BBF0045F25B /* ApiRespository.swift */,
				64CA1E9327AF90B6009E172D /* HttpRepository.swift */,
			);
			path = Domain;
			sourceTree = "<group>";
		};
		64817A6B27AEF2580040BA81 /* Data */ = {
			isa = PBXGroup;
			children = (
				64817A6E27AEF2A70040BA81 /* Model */,
				64817A6F27AEF2AE0040BA81 /* Dto */,
				64817A7027AEF2C90040BA81 /* DataSource */,
			);
			path = Data;
			sourceTree = "<group>";
		};
		64817A6C27AEF2710040BA81 /* Views */ = {
			isa = PBXGroup;
			children = (
				64E4D13E27ADED8A0045F25B /* HomeRootView.swift */,
				64E4D15F27AE01EC0045F25B /* FiltersBarView.swift */,
				64817A6427AEBDDE0040BA81 /* FiltersPopupView.swift */,
				64E4D16727AE13540045F25B /* ProductCell.swift */,
				64E4D14B27ADFA120045F25B /* ProductsHeaderView.swift */,
				64E4D15027ADFC230045F25B /* SelectButton.swift */,
				64CA1E8927AF2CF4009E172D /* UniSelectView.swift */,
				64817A7927AEF3FA0040BA81 /* MultiSelectView.swift */,
				64CA1EBB27B06B85009E172D /* SelectViewCell.swift */,
				64817A7C27AEF4360040BA81 /* TextButton.swift */,
				64817A7F27AEF4A80040BA81 /* DoneTextButton.swift */,
				64817A8227AEF4C10040BA81 /* ClearTextButton.swift */,
				64817A8627AEF88E0040BA81 /* HorizontalSeparatorView.swift */,
				64CA1E9F27B028B1009E172D /* SpinnerView.swift */,
				64CA1EA527B02B53009E172D /* LoadingSpinnerView.swift */,
				64CA1EAF27B048DF009E172D /* StateBasedSpinnerView.swift */,
				64CA1EBE27B06E34009E172D /* ApplyButton.swift */,
				64CA1EC127B06F69009E172D /* ActionButton.swift */,
				64E4D14927ADF4DD0045F25B /* ViewModel */,
				64817A7227AEF3360040BA81 /* Errors */,
			);
			path = Views;
			sourceTree = "<group>";
		};
		64817A6D27AEF2810040BA81 /* Controllers */ = {
			isa = PBXGroup;
			children = (
				64817A5727AE9B260040BA81 /* BaseVC.swift */,
				64E4D13A27ADECB80045F25B /* HomeVC.swift */,
			);
			path = Controllers;
			sourceTree = "<group>";
		};
		64817A6E27AEF2A70040BA81 /* Model */ = {
			isa = PBXGroup;
			children = (
				64E4D16D27AE263E0045F25B /* ProductModel.swift */,
			);
			path = Model;
			sourceTree = "<group>";
		};
		64817A6F27AEF2AE0040BA81 /* Dto */ = {
			isa = PBXGroup;
			children = (
				64E4D16A27AE25BE0045F25B /* ProductDto.swift */,
				64817A6127AEBD370040BA81 /* FiltersDto.swift */,
			);
			path = Dto;
			sourceTree = "<group>";
		};
		64817A7027AEF2C90040BA81 /* DataSource */ = {
			isa = PBXGroup;
			children = (
				64E4D17727AE2C150045F25B /* EdvoraRepository.swift */,
				64CA1E9627AF9114009E172D /* NativeHttpDataSource.swift */,
			);
			path = DataSource;
			sourceTree = "<group>";
		};
		64817A7227AEF3360040BA81 /* Errors */ = {
			isa = PBXGroup;
			children = (
				64E4D18027AE34610045F25B /* PresentationError.swift */,
			);
			path = Errors;
			sourceTree = "<group>";
		};
		64817A7527AEF37E0040BA81 /* Layers */ = {
			isa = PBXGroup;
			children = (
				64817A6927AEF2460040BA81 /* Presentation */,
				64817A6A27AEF24D0040BA81 /* Domain */,
				64817A6B27AEF2580040BA81 /* Data */,
			);
			path = Layers;
			sourceTree = "<group>";
		};
		64E4D11827ADEB6D0045F25B = {
			isa = PBXGroup;
			children = (
				64E4D12327ADEB6E0045F25B /* Edvora-iOS-Intern-Task */,
				64E4D12227ADEB6E0045F25B /* Products */,
			);
			sourceTree = "<group>";
		};
		64E4D12227ADEB6E0045F25B /* Products */ = {
			isa = PBXGroup;
			children = (
				64E4D12127ADEB6E0045F25B /* Edvora-iOS-Intern-Task.app */,
			);
			name = Products;
			sourceTree = "<group>";
		};
		64E4D12327ADEB6E0045F25B /* Edvora-iOS-Intern-Task */ = {
			isa = PBXGroup;
			children = (
				64E4D14627ADF4BA0045F25B /* App */,
				64817A7527AEF37E0040BA81 /* Layers */,
				64E4D15727ADFEB40045F25B /* Extensions */,
				64817A5227AE91240040BA81 /* Utilities */,
				64E4D15627ADFE570045F25B /* Resources */,
				64E4D12A27ADEB6E0045F25B /* Main.storyboard */,
				64E4D12D27ADEB750045F25B /* Assets.xcassets */,
				64E4D12F27ADEB750045F25B /* LaunchScreen.storyboard */,
				64E4D13227ADEB750045F25B /* Info.plist */,
			);
			path = "Edvora-iOS-Intern-Task";
			sourceTree = "<group>";
		};
		64E4D14627ADF4BA0045F25B /* App */ = {
			isa = PBXGroup;
			children = (
				64E4D12427ADEB6E0045F25B /* AppDelegate.swift */,
				64E4D12627ADEB6E0045F25B /* SceneDelegate.swift */,
			);
			path = App;
			sourceTree = "<group>";
		};
		64E4D14927ADF4DD0045F25B /* ViewModel */ = {
			isa = PBXGroup;
			children = (
				64E4D14227ADF49F0045F25B /* HomeVM.swift */,
				64CA1E8C27AF8F9D009E172D /* ImageVM.swift */,
			);
			path = ViewModel;
			sourceTree = "<group>";
		};
		64E4D15627ADFE570045F25B /* Resources */ = {
			isa = PBXGroup;
			children = (
				64E4D15327ADFE520045F25B /* Roboto-Regular.ttf */,
			);
			path = Resources;
			sourceTree = "<group>";
		};
		64E4D15727ADFEB40045F25B /* Extensions */ = {
			isa = PBXGroup;
			children = (
				64817A5B27AE9DAF0040BA81 /* Array+Extension.swift */,
				64817A5E27AEAA240040BA81 /* String+Extension.swift */,
				64E4D15827ADFEC60045F25B /* UIFont+Extension.swift */,
				64E4D15B27ADFF0D0045F25B /* UIColor+Extension.swift */,
				64E4D16227AE068A0045F25B /* CGFloat+Extension.swift */,
				64CA1EB427B0529A009E172D /* UIDevice+Extension.swift */,
				64CA1EB827B05C1C009E172D /* NSCollectionLayoutDimension+Extension.swift */,
			);
			path = Extensions;
			sourceTree = "<group>";
		};
/* End PBXGroup section */

/* Begin PBXNativeTarget section */
		64E4D12027ADEB6E0045F25B /* Edvora-iOS-Intern-Task */ = {
			isa = PBXNativeTarget;
			buildConfigurationList = 64E4D13527ADEB750045F25B /* Build configuration list for PBXNativeTarget "Edvora-iOS-Intern-Task" */;
			buildPhases = (
				64E4D11D27ADEB6E0045F25B /* Sources */,
				64E4D11E27ADEB6E0045F25B /* Frameworks */,
				64E4D11F27ADEB6E0045F25B /* Resources */,
			);
			buildRules = (
			);
			dependencies = (
			);
			name = "Edvora-iOS-Intern-Task";
			productName = "Edvora-iOS-Intern-Task";
			productReference = 64E4D12127ADEB6E0045F25B /* Edvora-iOS-Intern-Task.app */;
			productType = "com.apple.product-type.application";
		};
/* End PBXNativeTarget section */

/* Begin PBXProject section */
		64E4D11927ADEB6D0045F25B /* Project object */ = {
			isa = PBXProject;
			attributes = {
				LastSwiftUpdateCheck = 1240;
				LastUpgradeCheck = 1240;
				TargetAttributes = {
					64E4D12027ADEB6E0045F25B = {
						CreatedOnToolsVersion = 12.4;
					};
				};
			};
			buildConfigurationList = 64E4D11C27ADEB6D0045F25B /* Build configuration list for PBXProject "Edvora-iOS-Intern-Task" */;
			compatibilityVersion = "Xcode 9.3";
			developmentRegion = en;
			hasScannedForEncodings = 0;
			knownRegions = (
				en,
				Base,
			);
			mainGroup = 64E4D11827ADEB6D0045F25B;
			productRefGroup = 64E4D12227ADEB6E0045F25B /* Products */;
			projectDirPath = "";
			projectRoot = "";
			targets = (
				64E4D12027ADEB6E0045F25B /* Edvora-iOS-Intern-Task */,
			);
		};
/* End PBXProject section */

/* Begin PBXResourcesBuildPhase section */
		64E4D11F27ADEB6E0045F25B /* Resources */ = {
			isa = PBXResourcesBuildPhase;
			buildActionMask = 2147483647;
			files = (
				64E4D13127ADEB750045F25B /* LaunchScreen.storyboard in Resources */,
				64E4D12E27ADEB750045F25B /* Assets.xcassets in Resources */,
				64E4D15427ADFE520045F25B /* Roboto-Regular.ttf in Resources */,
				64E4D12C27ADEB6E0045F25B /* Main.storyboard in Resources */,
			);
			runOnlyForDeploymentPostprocessing = 0;
		};
/* End PBXResourcesBuildPhase section */

/* Begin PBXSourcesBuildPhase section */
		64E4D11D27ADEB6E0045F25B /* Sources */ = {
			isa = PBXSourcesBuildPhase;
			buildActionMask = 2147483647;
			files = (
				64817A5427AE913A0040BA81 /* Logger.swift in Sources */,
				64CA1EB027B048DF009E172D /* StateBasedSpinnerView.swift in Sources */,
				64E4D14C27ADFA120045F25B /* ProductsHeaderView.swift in Sources */,
				64817A7A27AEF3FA0040BA81 /* MultiSelectView.swift in Sources */,
				64CA1EA627B02B54009E172D /* LoadingSpinnerView.swift in Sources */,
				64E4D12527ADEB6E0045F25B /* AppDelegate.swift in Sources */,
				64E4D15127ADFC230045F25B /* SelectButton.swift in Sources */,
				64E4D15C27ADFF0D0045F25B /* UIColor+Extension.swift in Sources */,
				64CA1EA027B028B1009E172D /* SpinnerView.swift in Sources */,
				64E4D18127AE34610045F25B /* PresentationError.swift in Sources */,
				64CA1EBC27B06B85009E172D /* SelectViewCell.swift in Sources */,
				64E4D16B27AE25BE0045F25B /* ProductDto.swift in Sources */,
				64E4D16E27AE263F0045F25B /* ProductModel.swift in Sources */,
				64CA1EB927B05C1C009E172D /* NSCollectionLayoutDimension+Extension.swift in Sources */,
				64E4D12727ADEB6E0045F25B /* SceneDelegate.swift in Sources */,
				64817A6227AEBD370040BA81 /* FiltersDto.swift in Sources */,
				64817A8027AEF4A80040BA81 /* DoneTextButton.swift in Sources */,
				64E4D17827AE2C150045F25B /* EdvoraRepository.swift in Sources */,
				64CA1E9427AF90B6009E172D /* HttpRepository.swift in Sources */,
				64E4D17127AE2B610045F25B /* ProductsUseCase.swift in Sources */,
				64E4D17427AE2BBF0045F25B /* ApiRespository.swift in Sources */,
				64817A8327AEF4C10040BA81 /* ClearTextButton.swift in Sources */,
				64817A5F27AEAA240040BA81 /* String+Extension.swift in Sources */,
				64CA1E8A27AF2CF4009E172D /* UniSelectView.swift in Sources */,
				64CA1E9727AF9115009E172D /* NativeHttpDataSource.swift in Sources */,
				64E4D14327ADF49F0045F25B /* HomeVM.swift in Sources */,
				64817A7D27AEF4360040BA81 /* TextButton.swift in Sources */,
				64817A8727AEF88E0040BA81 /* HorizontalSeparatorView.swift in Sources */,
				64E4D16327AE068A0045F25B /* CGFloat+Extension.swift in Sources */,
				64CA1EB527B0529A009E172D /* UIDevice+Extension.swift in Sources */,
				64E4D13F27ADED8A0045F25B /* HomeRootView.swift in Sources */,
				64E4D16027AE01ED0045F25B /* FiltersBarView.swift in Sources */,
				64E4D15927ADFEC60045F25B /* UIFont+Extension.swift in Sources */,
				64CA1E9027AF8FF4009E172D /* ImageUseCase.swift in Sources */,
				64E4D16827AE13540045F25B /* ProductCell.swift in Sources */,
				64817A5C27AE9DAF0040BA81 /* Array+Extension.swift in Sources */,
				64E4D13B27ADECB80045F25B /* HomeVC.swift in Sources */,
				64CA1EBF27B06E35009E172D /* ApplyButton.swift in Sources */,
				64817A6527AEBDDE0040BA81 /* FiltersPopupView.swift in Sources */,
				64817A5827AE9B260040BA81 /* BaseVC.swift in Sources */,
				64CA1E8D27AF8F9D009E172D /* ImageVM.swift in Sources */,
				64CA1EC227B06F6A009E172D /* ActionButton.swift in Sources */,
			);
			runOnlyForDeploymentPostprocessing = 0;
		};
/* End PBXSourcesBuildPhase section */

/* Begin PBXVariantGroup section */
		64E4D12A27ADEB6E0045F25B /* Main.storyboard */ = {
			isa = PBXVariantGroup;
			children = (
				64E4D12B27ADEB6E0045F25B /* Base */,
			);
			name = Main.storyboard;
			sourceTree = "<group>";
		};
		64E4D12F27ADEB750045F25B /* LaunchScreen.storyboard */ = {
			isa = PBXVariantGroup;
			children = (
				64E4D13027ADEB750045F25B /* Base */,
			);
			name = LaunchScreen.storyboard;
			sourceTree = "<group>";
		};
/* End PBXVariantGroup section */

/* Begin XCBuildConfiguration section */
		64E4D13327ADEB750045F25B /* Debug */ = {
			isa = XCBuildConfiguration;
			buildSettings = {
				ALWAYS_SEARCH_USER_PATHS = NO;
				CLANG_ANALYZER_NONNULL = YES;
				CLANG_ANALYZER_NUMBER_OBJECT_CONVERSION = YES_AGGRESSIVE;
				CLANG_CXX_LANGUAGE_STANDARD = "gnu++14";
				CLANG_CXX_LIBRARY = "libc++";
				CLANG_ENABLE_MODULES = YES;
				CLANG_ENABLE_OBJC_ARC = YES;
				CLANG_ENABLE_OBJC_WEAK = YES;
				CLANG_WARN_BLOCK_CAPTURE_AUTORELEASING = YES;
				CLANG_WARN_BOOL_CONVERSION = YES;
				CLANG_WARN_COMMA = YES;
				CLANG_WARN_CONSTANT_CONVERSION = YES;
				CLANG_WARN_DEPRECATED_OBJC_IMPLEMENTATIONS = YES;
				CLANG_WARN_DIRECT_OBJC_ISA_USAGE = YES_ERROR;
				CLANG_WARN_DOCUMENTATION_COMMENTS = YES;
				CLANG_WARN_EMPTY_BODY = YES;
				CLANG_WARN_ENUM_CONVERSION = YES;
				CLANG_WARN_INFINITE_RECURSION = YES;
				CLANG_WARN_INT_CONVERSION = YES;
				CLANG_WARN_NON_LITERAL_NULL_CONVERSION = YES;
				CLANG_WARN_OBJC_IMPLICIT_RETAIN_SELF = YES;
				CLANG_WARN_OBJC_LITERAL_CONVERSION = YES;
				CLANG_WARN_OBJC_ROOT_CLASS = YES_ERROR;
				CLANG_WARN_QUOTED_INCLUDE_IN_FRAMEWORK_HEADER = YES;
				CLANG_WARN_RANGE_LOOP_ANALYSIS = YES;
				CLANG_WARN_STRICT_PROTOTYPES = YES;
				CLANG_WARN_SUSPICIOUS_MOVE = YES;
				CLANG_WARN_UNGUARDED_AVAILABILITY = YES_AGGRESSIVE;
				CLANG_WARN_UNREACHABLE_CODE = YES;
				CLANG_WARN__DUPLICATE_METHOD_MATCH = YES;
				COPY_PHASE_STRIP = NO;
				DEBUG_INFORMATION_FORMAT = dwarf;
				ENABLE_STRICT_OBJC_MSGSEND = YES;
				ENABLE_TESTABILITY = YES;
				GCC_C_LANGUAGE_STANDARD = gnu11;
				GCC_DYNAMIC_NO_PIC = NO;
				GCC_NO_COMMON_BLOCKS = YES;
				GCC_OPTIMIZATION_LEVEL = 0;
				GCC_PREPROCESSOR_DEFINITIONS = (
					"DEBUG=1",
					"$(inherited)",
				);
				GCC_WARN_64_TO_32_BIT_CONVERSION = YES;
				GCC_WARN_ABOUT_RETURN_TYPE = YES_ERROR;
				GCC_WARN_UNDECLARED_SELECTOR = YES;
				GCC_WARN_UNINITIALIZED_AUTOS = YES_AGGRESSIVE;
				GCC_WARN_UNUSED_FUNCTION = YES;
				GCC_WARN_UNUSED_VARIABLE = YES;
				IPHONEOS_DEPLOYMENT_TARGET = 14.4;
				MTL_ENABLE_DEBUG_INFO = INCLUDE_SOURCE;
				MTL_FAST_MATH = YES;
				ONLY_ACTIVE_ARCH = YES;
				SDKROOT = iphoneos;
				SWIFT_ACTIVE_COMPILATION_CONDITIONS = DEBUG;
				SWIFT_OPTIMIZATION_LEVEL = "-Onone";
			};
			name = Debug;
		};
		64E4D13427ADEB750045F25B /* Release */ = {
			isa = XCBuildConfiguration;
			buildSettings = {
				ALWAYS_SEARCH_USER_PATHS = NO;
				CLANG_ANALYZER_NONNULL = YES;
				CLANG_ANALYZER_NUMBER_OBJECT_CONVERSION = YES_AGGRESSIVE;
				CLANG_CXX_LANGUAGE_STANDARD = "gnu++14";
				CLANG_CXX_LIBRARY = "libc++";
				CLANG_ENABLE_MODULES = YES;
				CLANG_ENABLE_OBJC_ARC = YES;
				CLANG_ENABLE_OBJC_WEAK = YES;
				CLANG_WARN_BLOCK_CAPTURE_AUTORELEASING = YES;
				CLANG_WARN_BOOL_CONVERSION = YES;
				CLANG_WARN_COMMA = YES;
				CLANG_WARN_CONSTANT_CONVERSION = YES;
				CLANG_WARN_DEPRECATED_OBJC_IMPLEMENTATIONS = YES;
				CLANG_WARN_DIRECT_OBJC_ISA_USAGE = YES_ERROR;
				CLANG_WARN_DOCUMENTATION_COMMENTS = YES;
				CLANG_WARN_EMPTY_BODY = YES;
				CLANG_WARN_ENUM_CONVERSION = YES;
				CLANG_WARN_INFINITE_RECURSION = YES;
				CLANG_WARN_INT_CONVERSION = YES;
				CLANG_WARN_NON_LITERAL_NULL_CONVERSION = YES;
				CLANG_WARN_OBJC_IMPLICIT_RETAIN_SELF = YES;
				CLANG_WARN_OBJC_LITERAL_CONVERSION = YES;
				CLANG_WARN_OBJC_ROOT_CLASS = YES_ERROR;
				CLANG_WARN_QUOTED_INCLUDE_IN_FRAMEWORK_HEADER = YES;
				CLANG_WARN_RANGE_LOOP_ANALYSIS = YES;
				CLANG_WARN_STRICT_PROTOTYPES = YES;
				CLANG_WARN_SUSPICIOUS_MOVE = YES;
				CLANG_WARN_UNGUARDED_AVAILABILITY = YES_AGGRESSIVE;
				CLANG_WARN_UNREACHABLE_CODE = YES;
				CLANG_WARN__DUPLICATE_METHOD_MATCH = YES;
				COPY_PHASE_STRIP = NO;
				DEBUG_INFORMATION_FORMAT = "dwarf-with-dsym";
				ENABLE_NS_ASSERTIONS = NO;
				ENABLE_STRICT_OBJC_MSGSEND = YES;
				GCC_C_LANGUAGE_STANDARD = gnu11;
				GCC_NO_COMMON_BLOCKS = YES;
				GCC_WARN_64_TO_32_BIT_CONVERSION = YES;
				GCC_WARN_ABOUT_RETURN_TYPE = YES_ERROR;
				GCC_WARN_UNDECLARED_SELECTOR = YES;
				GCC_WARN_UNINITIALIZED_AUTOS = YES_AGGRESSIVE;
				GCC_WARN_UNUSED_FUNCTION = YES;
				GCC_WARN_UNUSED_VARIABLE = YES;
				IPHONEOS_DEPLOYMENT_TARGET = 14.4;
				MTL_ENABLE_DEBUG_INFO = NO;
				MTL_FAST_MATH = YES;
				SDKROOT = iphoneos;
				SWIFT_COMPILATION_MODE = wholemodule;
				SWIFT_OPTIMIZATION_LEVEL = "-O";
				VALIDATE_PRODUCT = YES;
			};
			name = Release;
		};
		64E4D13627ADEB750045F25B /* Debug */ = {
			isa = XCBuildConfiguration;
			buildSettings = {
				ASSETCATALOG_COMPILER_APPICON_NAME = AppIcon;
				ASSETCATALOG_COMPILER_GLOBAL_ACCENT_COLOR_NAME = AccentColor;
				CODE_SIGN_STYLE = Automatic;
				INFOPLIST_FILE = "Edvora-iOS-Intern-Task/Info.plist";
				LD_RUNPATH_SEARCH_PATHS = (
					"$(inherited)",
					"@executable_path/Frameworks",
				);
				PRODUCT_BUNDLE_IDENTIFIER = "learn.shendy.Edvora-iOS-Intern-Task";
				PRODUCT_NAME = "$(TARGET_NAME)";
				SWIFT_VERSION = 5.0;
				TARGETED_DEVICE_FAMILY = "1,2";
			};
			name = Debug;
		};
		64E4D13727ADEB750045F25B /* Release */ = {
			isa = XCBuildConfiguration;
			buildSettings = {
				ASSETCATALOG_COMPILER_APPICON_NAME = AppIcon;
				ASSETCATALOG_COMPILER_GLOBAL_ACCENT_COLOR_NAME = AccentColor;
				CODE_SIGN_STYLE = Automatic;
				INFOPLIST_FILE = "Edvora-iOS-Intern-Task/Info.plist";
				LD_RUNPATH_SEARCH_PATHS = (
					"$(inherited)",
					"@executable_path/Frameworks",
				);
				PRODUCT_BUNDLE_IDENTIFIER = "learn.shendy.Edvora-iOS-Intern-Task";
				PRODUCT_NAME = "$(TARGET_NAME)";
				SWIFT_VERSION = 5.0;
				TARGETED_DEVICE_FAMILY = "1,2";
			};
			name = Release;
		};
/* End XCBuildConfiguration section */

/* Begin XCConfigurationList section */
		64E4D11C27ADEB6D0045F25B /* Build configuration list for PBXProject "Edvora-iOS-Intern-Task" */ = {
			isa = XCConfigurationList;
			buildConfigurations = (
				64E4D13327ADEB750045F25B /* Debug */,
				64E4D13427ADEB750045F25B /* Release */,
			);
			defaultConfigurationIsVisible = 0;
			defaultConfigurationName = Release;
		};
		64E4D13527ADEB750045F25B /* Build configuration list for PBXNativeTarget "Edvora-iOS-Intern-Task" */ = {
			isa = XCConfigurationList;
			buildConfigurations = (
				64E4D13627ADEB750045F25B /* Debug */,
				64E4D13727ADEB750045F25B /* Release */,
			);
			defaultConfigurationIsVisible = 0;
			defaultConfigurationName = Release;
		};
/* End XCConfigurationList section */
	};
	rootObject = 64E4D11927ADEB6D0045F25B /* Project object */;
}
